{
  "sources": {
    "apt": {
      "locked_version": "2.2.1"
    },
    "git": {
      "locked_version": "2.7.0"
    },
    "python-build": {
      "locked_version": "0.4.2",
      "git": "https://github.com/shimizukawa/chef-python-build",
      "ref": "772317acb4ea0524ad350b93edf46230c8f2e6ba"
    },
    "mercurial-env": {
      "locked_version": "0.2.4",
      "git": "https://github.com/shimizukawa/chef-mercurial-env",
      "ref": "1d914986e2fb9854a9fc431c0e1dd3f5ed499bae"
    },
    "shimizukawa-env": {
      "locked_version": "0.1.2",
      "git": "https://github.com/shimizukawa/chef-shimizukawa-env",
      "ref": "ca1438859d8728e3d18564ff4b25930df510a5de"
    },
    "texlive": {
      "locked_version": "0.2.0",
      "git": "https://github.com/tk0miya/chef-texlive",
      "ref": "ae059e1898cd339dbf668d04fd3d60f66c601d10"
    },
    "dmg": {
      "locked_version": "2.0.4"
    },
    "build-essential": {
      "locked_version": "1.4.2"
    },
    "yum": {
      "locked_version": "2.3.4"
    },
    "windows": {
      "locked_version": "1.11.0"
    },
    "chef_handler": {
      "locked_version": "1.1.4"
    },
    "runit": {
      "locked_version": "1.3.0"
    }
  }
}
